
Microsoft Visual Studio Solution File, Format Version 12.00
# Visual Studio Version 17
VisualStudioVersion = 17.11.35222.181
MinimumVisualStudioVersion = 10.0.40219.1
Project("{2150E333-8FDC-42A3-9474-1A3956D46DE8}") = "Task0", "Task0", "{99FF3336-9D8B-47B4-8B8D-547C5C5A99CC}"
EndProject
Project("{9A19103F-16F7-4668-BE54-9A1E7A4F7556}") = "Tyuiu.YakovlevVAa.Sprint1.Task0.V1", "Tyuiu.YakovlevVAa.Sprint1.Task0.V1\Tyuiu.YakovlevVAa.Sprint1.Task0.V1.csproj", "{B065F930-B41C-48FD-A73B-B160EF9D0571}"
EndProject
Project("{9A19103F-16F7-4668-BE54-9A1E7A4F7556}") = "Tyuiu.YakovlevVAa.Sprint1.Task0.V1.Lib", "Tyuiu.YakovlevVAa.Sprint1.Task0.V1.Lib\Tyuiu.YakovlevVAa.Sprint1.Task0.V1.Lib.csproj", "{6B94C6BC-0EF5-45A6-925B-8A0E38F3367F}"
EndProject
Project("{9A19103F-16F7-4668-BE54-9A1E7A4F7556}") = "Tyuiu.YakovlevVAa.Sprint1.Task0.V1.Test", "Tyuiu.YakovlevVAa.Sprint1.Task0.V1.Test\Tyuiu.YakovlevVAa.Sprint1.Task0.V1.Test.csproj", "{BD5F9854-BFDD-46B7-BE9A-123ABFA6B402}"
EndProject
Project("{2150E333-8FDC-42A3-9474-1A3956D46DE8}") = "Task1", "Task1", "{255BE13F-D5C9-48B7-A4DD-02B92B0C2D05}"
EndProject
Project("{2150E333-8FDC-42A3-9474-1A3956D46DE8}") = "Task2", "Task2", "{B1471274-2857-481C-A617-9C212F442F61}"
EndProject
Project("{9A19103F-16F7-4668-BE54-9A1E7A4F7556}") = "Tyuiu.YakovlevVAa.Sprint1.Task1.V30", "Tyuiu.YakovlevVAa.Sprint1.Task1.V30\Tyuiu.YakovlevVAa.Sprint1.Task1.V30.csproj", "{ED84750D-40E4-4843-B3AE-A216B06EBFE2}"
EndProject
Project("{9A19103F-16F7-4668-BE54-9A1E7A4F7556}") = "Tyuiu.YakovlevVAa.Sprint1.Task1.V30.Lib", "Tyuiu.YakovlevVAa.Sprint1.Task1.V30.Lib\Tyuiu.YakovlevVAa.Sprint1.Task1.V30.Lib.csproj", "{EEB53CA9-A34E-4EA9-987C-4B5AA8ACC541}"
EndProject
Project("{9A19103F-16F7-4668-BE54-9A1E7A4F7556}") = "Tyuiu.YakovlevVAa.Sprint1.Task1.V30.Test", "Tyuiu.YakovlevVAa.Sprint1.Task1.V30.Test\Tyuiu.YakovlevVAa.Sprint1.Task1.V30.Test.csproj", "{3DB233CA-CD45-4114-BB25-14A14AB2DDAE}"
EndProject
Project("{9A19103F-16F7-4668-BE54-9A1E7A4F7556}") = "Tyuiu.YakovlevVAa.Sprint1.Task2.V16", "Tyuiu.YakovlevVAa.Sprint1.Task2.V16\Tyuiu.YakovlevVAa.Sprint1.Task2.V16.csproj", "{8E4B67B8-2DFB-4054-8CED-702815CC3A65}"
EndProject
Project("{9A19103F-16F7-4668-BE54-9A1E7A4F7556}") = "Tyuiu.YakovlevVAa.Sprint1.Task2.V16.Lib", "Tyuiu.YakovlevVAa.Sprint1.Task2.V16.Lib\Tyuiu.YakovlevVAa.Sprint1.Task2.V16.Lib.csproj", "{EDFE1BFF-E747-40A4-A100-C8DFE3E2AB90}"
EndProject
Project("{9A19103F-16F7-4668-BE54-9A1E7A4F7556}") = "Tyuiu.YakovlevVAa.Sprint1.Task2.V16.Test", "Tyuiu.YakovlevVAa.Sprint1.Task2.V16.Test\Tyuiu.YakovlevVAa.Sprint1.Task2.V16.Test.csproj", "{CD1B7760-6CA1-4BA8-970F-F5BF8252965A}"
EndProject
Project("{2150E333-8FDC-42A3-9474-1A3956D46DE8}") = "Task3", "Task3", "{A33A25A2-EBC6-49C0-A7F7-B4D0E0CA3EA9}"
EndProject
Project("{9A19103F-16F7-4668-BE54-9A1E7A4F7556}") = "Tyuiu.YakovlevVAa.Sprint1.Task3.V3", "Tyuiu.YakovlevVAa.Sprint1.Task3.V3\Tyuiu.YakovlevVAa.Sprint1.Task3.V3.csproj", "{8BA30F5A-CD15-4A77-98D4-74E9A9CD759B}"
EndProject
Project("{9A19103F-16F7-4668-BE54-9A1E7A4F7556}") = "Tyuiu.YakovlevVAa.Sprint1.Task3.V3.Test", "Tyuiu.YakovlevVAa.Sprint1.Task3.V3.Test\Tyuiu.YakovlevVAa.Sprint1.Task3.V3.Test.csproj", "{C907A019-870A-4E29-84FB-7949E93FDF50}"
EndProject
Project("{9A19103F-16F7-4668-BE54-9A1E7A4F7556}") = "Tyuiu.YakovlevVAa.Sprint1.Task3.V3.Lib", "Tyuiu.YakovlevVAa.Sprint1.Task3.V3.Lib\Tyuiu.YakovlevVAa.Sprint1.Task3.V3.Lib.csproj", "{030CB2E0-374B-4D0F-8B39-658D273722F5}"
EndProject
Project("{2150E333-8FDC-42A3-9474-1A3956D46DE8}") = "Task4", "Task4", "{DA5D92CD-B4FC-4894-8FB5-40F492322BFA}"
EndProject
Project("{9A19103F-16F7-4668-BE54-9A1E7A4F7556}") = "Tyuiu.YakovlevVAa.Sprint1.Task4.V18", "Tyuiu.YakovlevVAa.Sprint1.Task4.V18\Tyuiu.YakovlevVAa.Sprint1.Task4.V18.csproj", "{BED479F2-B69E-4175-9C8D-AAB714748E24}"
EndProject
Project("{9A19103F-16F7-4668-BE54-9A1E7A4F7556}") = "Tyuiu.YakovlevVAa.Sprint1.Task4.V18.Lib", "Tyuiu.YakovlevVAa.Sprint1.Task4.V18.Lib\Tyuiu.YakovlevVAa.Sprint1.Task4.V18.Lib.csproj", "{34C8BAFC-BB78-432C-8E19-A19843A962FD}"
EndProject
Project("{9A19103F-16F7-4668-BE54-9A1E7A4F7556}") = "Tyuiu.YakovlevVAa.Sprint1.Task4.V18.Test", "Tyuiu.YakovlevVAa.Sprint1.Task4.V18.Test\Tyuiu.YakovlevVAa.Sprint1.Task4.V18.Test.csproj", "{5B823E0E-F38E-494E-9904-155208232E60}"
EndProject
Project("{2150E333-8FDC-42A3-9474-1A3956D46DE8}") = "Task5", "Task5", "{E225A5BB-B3BD-4D05-B0AD-3535A18CC374}"
EndProject
Project("{9A19103F-16F7-4668-BE54-9A1E7A4F7556}") = "Tyuiu.YakovlevVAa.Sprint1.Task5.V2", "Tyuiu.YakovlevVAa.Sprint1.Task5.V2\Tyuiu.YakovlevVAa.Sprint1.Task5.V2.csproj", "{73D2D7F3-BF66-473C-B100-7F790437AF81}"
EndProject
Project("{9A19103F-16F7-4668-BE54-9A1E7A4F7556}") = "Tyuiu.YakovlevVAa.Sprint1.Task5.V2.Lib", "Tyuiu.YakovlevVAa.Sprint1.Task5.V2.Lib\Tyuiu.YakovlevVAa.Sprint1.Task5.V2.Lib.csproj", "{7611CAD5-10E5-4357-BEE1-42823E9A9FB8}"
EndProject
Project("{9A19103F-16F7-4668-BE54-9A1E7A4F7556}") = "Tyuiu.YakovlevVAa.Sprint1.Task5.V2.Test", "Tyuiu.YakovlevVAa.Sprint1.Task5.V2.Test\Tyuiu.YakovlevVAa.Sprint1.Task5.V2.Test.csproj", "{D758A944-7B60-4911-8F39-239FCC8F0B82}"
EndProject
Project("{2150E333-8FDC-42A3-9474-1A3956D46DE8}") = "Task6", "Task6", "{9C42971E-65EA-40B5-8BFF-DBE8BDA7FCCF}"
EndProject
Project("{9A19103F-16F7-4668-BE54-9A1E7A4F7556}") = "Tyuiu.YakovlevVAa.Sprint1.Task6.V18", "Tyuiu.YakovlevVAa.Sprint1.Task6.V18\Tyuiu.YakovlevVAa.Sprint1.Task6.V18.csproj", "{789B4E1A-2875-404B-820B-28765A89D93A}"
EndProject
Project("{9A19103F-16F7-4668-BE54-9A1E7A4F7556}") = "Tyuiu.YakovlevVAa.Sprint1.Task6.V18.Test", "Tyuiu.YakovlevVAa.Sprint1.Task6.V18.Test\Tyuiu.YakovlevVAa.Sprint1.Task6.V18.Test.csproj", "{14D7AAA2-E088-40FB-A315-CB65F9089C8D}"
EndProject
Project("{9A19103F-16F7-4668-BE54-9A1E7A4F7556}") = "Tyuiu.YakovlevVAa.Sprint1.Task6.V18.Lib", "Tyuiu.YakovlevVAa.Sprint1.Task6.V18.Lib\Tyuiu.YakovlevVAa.Sprint1.Task6.V18.Lib.csproj", "{A005644E-7622-4C68-8C34-917C918AE2DA}"
EndProject
Project("{2150E333-8FDC-42A3-9474-1A3956D46DE8}") = "Task7", "Task7", "{ECA8B3C3-EFF1-4654-844F-FD7E1CC2ABEF}"
EndProject
Project("{FAE04EC0-301F-11D3-BF4B-00C04F79EFBC}") = "Tyuiu.YakovlevVAa.Sprint1.Task7.V17", "Tyuiu.YakovlevVAa.Sprint1.Task7.V17\Tyuiu.YakovlevVAa.Sprint1.Task7.V17.csproj", "{AF5CB118-0606-4919-AD6C-204CB3CEE2C3}"
EndProject
Project("{FAE04EC0-301F-11D3-BF4B-00C04F79EFBC}") = "Tyuiu.YakovlevVAa.Sprint1.Task7.V17.Lib", "Tyuiu.YakovlevVAa.Sprint1.Task7.V17.Lib\Tyuiu.YakovlevVAa.Sprint1.Task7.V17.Lib.csproj", "{78B40C25-75F7-47C9-A992-701F24D02840}"
EndProject
Project("{FAE04EC0-301F-11D3-BF4B-00C04F79EFBC}") = "Tyuiu.YakovlevVAa.Sprint1.Task7.V17.Test", "Tyuiu.YakovlevVAa.Sprint1.Task7.V17.Test\Tyuiu.YakovlevVAa.Sprint1.Task7.V17.Test.csproj", "{F0A9A036-E6F4-4480-B57D-D3C6BB07A79C}"
EndProject
Global
	GlobalSection(SolutionConfigurationPlatforms) = preSolution
		Debug|Any CPU = Debug|Any CPU
		Release|Any CPU = Release|Any CPU
	EndGlobalSection
	GlobalSection(ProjectConfigurationPlatforms) = postSolution
		{B065F930-B41C-48FD-A73B-B160EF9D0571}.Debug|Any CPU.ActiveCfg = Debug|Any CPU
		{B065F930-B41C-48FD-A73B-B160EF9D0571}.Debug|Any CPU.Build.0 = Debug|Any CPU
		{B065F930-B41C-48FD-A73B-B160EF9D0571}.Release|Any CPU.ActiveCfg = Release|Any CPU
		{B065F930-B41C-48FD-A73B-B160EF9D0571}.Release|Any CPU.Build.0 = Release|Any CPU
		{6B94C6BC-0EF5-45A6-925B-8A0E38F3367F}.Debug|Any CPU.ActiveCfg = Debug|Any CPU
		{6B94C6BC-0EF5-45A6-925B-8A0E38F3367F}.Debug|Any CPU.Build.0 = Debug|Any CPU
		{6B94C6BC-0EF5-45A6-925B-8A0E38F3367F}.Release|Any CPU.ActiveCfg = Release|Any CPU
		{6B94C6BC-0EF5-45A6-925B-8A0E38F3367F}.Release|Any CPU.Build.0 = Release|Any CPU
		{BD5F9854-BFDD-46B7-BE9A-123ABFA6B402}.Debug|Any CPU.ActiveCfg = Debug|Any CPU
		{BD5F9854-BFDD-46B7-BE9A-123ABFA6B402}.Debug|Any CPU.Build.0 = Debug|Any CPU
		{BD5F9854-BFDD-46B7-BE9A-123ABFA6B402}.Release|Any CPU.ActiveCfg = Release|Any CPU
		{BD5F9854-BFDD-46B7-BE9A-123ABFA6B402}.Release|Any CPU.Build.0 = Release|Any CPU
		{ED84750D-40E4-4843-B3AE-A216B06EBFE2}.Debug|Any CPU.ActiveCfg = Debug|Any CPU
		{ED84750D-40E4-4843-B3AE-A216B06EBFE2}.Debug|Any CPU.Build.0 = Debug|Any CPU
		{ED84750D-40E4-4843-B3AE-A216B06EBFE2}.Release|Any CPU.ActiveCfg = Release|Any CPU
		{ED84750D-40E4-4843-B3AE-A216B06EBFE2}.Release|Any CPU.Build.0 = Release|Any CPU
		{EEB53CA9-A34E-4EA9-987C-4B5AA8ACC541}.Debug|Any CPU.ActiveCfg = Debug|Any CPU
		{EEB53CA9-A34E-4EA9-987C-4B5AA8ACC541}.Debug|Any CPU.Build.0 = Debug|Any CPU
		{EEB53CA9-A34E-4EA9-987C-4B5AA8ACC541}.Release|Any CPU.ActiveCfg = Release|Any CPU
		{EEB53CA9-A34E-4EA9-987C-4B5AA8ACC541}.Release|Any CPU.Build.0 = Release|Any CPU
		{3DB233CA-CD45-4114-BB25-14A14AB2DDAE}.Debug|Any CPU.ActiveCfg = Debug|Any CPU
		{3DB233CA-CD45-4114-BB25-14A14AB2DDAE}.Debug|Any CPU.Build.0 = Debug|Any CPU
		{3DB233CA-CD45-4114-BB25-14A14AB2DDAE}.Release|Any CPU.ActiveCfg = Release|Any CPU
		{3DB233CA-CD45-4114-BB25-14A14AB2DDAE}.Release|Any CPU.Build.0 = Release|Any CPU
		{8E4B67B8-2DFB-4054-8CED-702815CC3A65}.Debug|Any CPU.ActiveCfg = Debug|Any CPU
		{8E4B67B8-2DFB-4054-8CED-702815CC3A65}.Debug|Any CPU.Build.0 = Debug|Any CPU
		{8E4B67B8-2DFB-4054-8CED-702815CC3A65}.Release|Any CPU.ActiveCfg = Release|Any CPU
		{8E4B67B8-2DFB-4054-8CED-702815CC3A65}.Release|Any CPU.Build.0 = Release|Any CPU
		{EDFE1BFF-E747-40A4-A100-C8DFE3E2AB90}.Debug|Any CPU.ActiveCfg = Debug|Any CPU
		{EDFE1BFF-E747-40A4-A100-C8DFE3E2AB90}.Debug|Any CPU.Build.0 = Debug|Any CPU
		{EDFE1BFF-E747-40A4-A100-C8DFE3E2AB90}.Release|Any CPU.ActiveCfg = Release|Any CPU
		{EDFE1BFF-E747-40A4-A100-C8DFE3E2AB90}.Release|Any CPU.Build.0 = Release|Any CPU
		{CD1B7760-6CA1-4BA8-970F-F5BF8252965A}.Debug|Any CPU.ActiveCfg = Debug|Any CPU
		{CD1B7760-6CA1-4BA8-970F-F5BF8252965A}.Debug|Any CPU.Build.0 = Debug|Any CPU
		{CD1B7760-6CA1-4BA8-970F-F5BF8252965A}.Release|Any CPU.ActiveCfg = Release|Any CPU
		{CD1B7760-6CA1-4BA8-970F-F5BF8252965A}.Release|Any CPU.Build.0 = Release|Any CPU
		{8BA30F5A-CD15-4A77-98D4-74E9A9CD759B}.Debug|Any CPU.ActiveCfg = Debug|Any CPU
		{8BA30F5A-CD15-4A77-98D4-74E9A9CD759B}.Debug|Any CPU.Build.0 = Debug|Any CPU
		{8BA30F5A-CD15-4A77-98D4-74E9A9CD759B}.Release|Any CPU.ActiveCfg = Release|Any CPU
		{8BA30F5A-CD15-4A77-98D4-74E9A9CD759B}.Release|Any CPU.Build.0 = Release|Any CPU
		{C907A019-870A-4E29-84FB-7949E93FDF50}.Debug|Any CPU.ActiveCfg = Debug|Any CPU
		{C907A019-870A-4E29-84FB-7949E93FDF50}.Debug|Any CPU.Build.0 = Debug|Any CPU
		{C907A019-870A-4E29-84FB-7949E93FDF50}.Release|Any CPU.ActiveCfg = Release|Any CPU
		{C907A019-870A-4E29-84FB-7949E93FDF50}.Release|Any CPU.Build.0 = Release|Any CPU
		{030CB2E0-374B-4D0F-8B39-658D273722F5}.Debug|Any CPU.ActiveCfg = Debug|Any CPU
		{030CB2E0-374B-4D0F-8B39-658D273722F5}.Debug|Any CPU.Build.0 = Debug|Any CPU
		{030CB2E0-374B-4D0F-8B39-658D273722F5}.Release|Any CPU.ActiveCfg = Release|Any CPU
		{030CB2E0-374B-4D0F-8B39-658D273722F5}.Release|Any CPU.Build.0 = Release|Any CPU
		{BED479F2-B69E-4175-9C8D-AAB714748E24}.Debug|Any CPU.ActiveCfg = Debug|Any CPU
		{BED479F2-B69E-4175-9C8D-AAB714748E24}.Debug|Any CPU.Build.0 = Debug|Any CPU
		{BED479F2-B69E-4175-9C8D-AAB714748E24}.Release|Any CPU.ActiveCfg = Release|Any CPU
		{BED479F2-B69E-4175-9C8D-AAB714748E24}.Release|Any CPU.Build.0 = Release|Any CPU
		{34C8BAFC-BB78-432C-8E19-A19843A962FD}.Debug|Any CPU.ActiveCfg = Debug|Any CPU
		{34C8BAFC-BB78-432C-8E19-A19843A962FD}.Debug|Any CPU.Build.0 = Debug|Any CPU
		{34C8BAFC-BB78-432C-8E19-A19843A962FD}.Release|Any CPU.ActiveCfg = Release|Any CPU
		{34C8BAFC-BB78-432C-8E19-A19843A962FD}.Release|Any CPU.Build.0 = Release|Any CPU
		{5B823E0E-F38E-494E-9904-155208232E60}.Debug|Any CPU.ActiveCfg = Debug|Any CPU
		{5B823E0E-F38E-494E-9904-155208232E60}.Debug|Any CPU.Build.0 = Debug|Any CPU
		{5B823E0E-F38E-494E-9904-155208232E60}.Release|Any CPU.ActiveCfg = Release|Any CPU
		{5B823E0E-F38E-494E-9904-155208232E60}.Release|Any CPU.Build.0 = Release|Any CPU
		{73D2D7F3-BF66-473C-B100-7F790437AF81}.Debug|Any CPU.ActiveCfg = Debug|Any CPU
		{73D2D7F3-BF66-473C-B100-7F790437AF81}.Debug|Any CPU.Build.0 = Debug|Any CPU
		{73D2D7F3-BF66-473C-B100-7F790437AF81}.Release|Any CPU.ActiveCfg = Release|Any CPU
		{73D2D7F3-BF66-473C-B100-7F790437AF81}.Release|Any CPU.Build.0 = Release|Any CPU
		{7611CAD5-10E5-4357-BEE1-42823E9A9FB8}.Debug|Any CPU.ActiveCfg = Debug|Any CPU
		{7611CAD5-10E5-4357-BEE1-42823E9A9FB8}.Debug|Any CPU.Build.0 = Debug|Any CPU
		{7611CAD5-10E5-4357-BEE1-42823E9A9FB8}.Release|Any CPU.ActiveCfg = Release|Any CPU
		{7611CAD5-10E5-4357-BEE1-42823E9A9FB8}.Release|Any CPU.Build.0 = Release|Any CPU
		{D758A944-7B60-4911-8F39-239FCC8F0B82}.Debug|Any CPU.ActiveCfg = Debug|Any CPU
		{D758A944-7B60-4911-8F39-239FCC8F0B82}.Debug|Any CPU.Build.0 = Debug|Any CPU
		{D758A944-7B60-4911-8F39-239FCC8F0B82}.Release|Any CPU.ActiveCfg = Release|Any CPU
		{D758A944-7B60-4911-8F39-239FCC8F0B82}.Release|Any CPU.Build.0 = Release|Any CPU
		{789B4E1A-2875-404B-820B-28765A89D93A}.Debug|Any CPU.ActiveCfg = Debug|Any CPU
		{789B4E1A-2875-404B-820B-28765A89D93A}.Debug|Any CPU.Build.0 = Debug|Any CPU
		{789B4E1A-2875-404B-820B-28765A89D93A}.Release|Any CPU.ActiveCfg = Release|Any CPU
		{789B4E1A-2875-404B-820B-28765A89D93A}.Release|Any CPU.Build.0 = Release|Any CPU
		{14D7AAA2-E088-40FB-A315-CB65F9089C8D}.Debug|Any CPU.ActiveCfg = Debug|Any CPU
		{14D7AAA2-E088-40FB-A315-CB65F9089C8D}.Debug|Any CPU.Build.0 = Debug|Any CPU
		{14D7AAA2-E088-40FB-A315-CB65F9089C8D}.Release|Any CPU.ActiveCfg = Release|Any CPU
		{14D7AAA2-E088-40FB-A315-CB65F9089C8D}.Release|Any CPU.Build.0 = Release|Any CPU
		{A005644E-7622-4C68-8C34-917C918AE2DA}.Debug|Any CPU.ActiveCfg = Debug|Any CPU
		{A005644E-7622-4C68-8C34-917C918AE2DA}.Debug|Any CPU.Build.0 = Debug|Any CPU
		{A005644E-7622-4C68-8C34-917C918AE2DA}.Release|Any CPU.ActiveCfg = Release|Any CPU
		{A005644E-7622-4C68-8C34-917C918AE2DA}.Release|Any CPU.Build.0 = Release|Any CPU
		{AF5CB118-0606-4919-AD6C-204CB3CEE2C3}.Debug|Any CPU.ActiveCfg = Debug|Any CPU
		{AF5CB118-0606-4919-AD6C-204CB3CEE2C3}.Debug|Any CPU.Build.0 = Debug|Any CPU
		{AF5CB118-0606-4919-AD6C-204CB3CEE2C3}.Release|Any CPU.ActiveCfg = Release|Any CPU
		{AF5CB118-0606-4919-AD6C-204CB3CEE2C3}.Release|Any CPU.Build.0 = Release|Any CPU
		{78B40C25-75F7-47C9-A992-701F24D02840}.Debug|Any CPU.ActiveCfg = Debug|Any CPU
		{78B40C25-75F7-47C9-A992-701F24D02840}.Debug|Any CPU.Build.0 = Debug|Any CPU
		{78B40C25-75F7-47C9-A992-701F24D02840}.Release|Any CPU.ActiveCfg = Release|Any CPU
		{78B40C25-75F7-47C9-A992-701F24D02840}.Release|Any CPU.Build.0 = Release|Any CPU
		{F0A9A036-E6F4-4480-B57D-D3C6BB07A79C}.Debug|Any CPU.ActiveCfg = Debug|Any CPU
		{F0A9A036-E6F4-4480-B57D-D3C6BB07A79C}.Debug|Any CPU.Build.0 = Debug|Any CPU
		{F0A9A036-E6F4-4480-B57D-D3C6BB07A79C}.Release|Any CPU.ActiveCfg = Release|Any CPU
		{F0A9A036-E6F4-4480-B57D-D3C6BB07A79C}.Release|Any CPU.Build.0 = Release|Any CPU
	EndGlobalSection
	GlobalSection(SolutionProperties) = preSolution
		HideSolutionNode = FALSE
	EndGlobalSection
	GlobalSection(NestedProjects) = preSolution
		{B065F930-B41C-48FD-A73B-B160EF9D0571} = {99FF3336-9D8B-47B4-8B8D-547C5C5A99CC}
		{6B94C6BC-0EF5-45A6-925B-8A0E38F3367F} = {99FF3336-9D8B-47B4-8B8D-547C5C5A99CC}
		{BD5F9854-BFDD-46B7-BE9A-123ABFA6B402} = {99FF3336-9D8B-47B4-8B8D-547C5C5A99CC}
		{ED84750D-40E4-4843-B3AE-A216B06EBFE2} = {255BE13F-D5C9-48B7-A4DD-02B92B0C2D05}
		{EEB53CA9-A34E-4EA9-987C-4B5AA8ACC541} = {255BE13F-D5C9-48B7-A4DD-02B92B0C2D05}
		{3DB233CA-CD45-4114-BB25-14A14AB2DDAE} = {255BE13F-D5C9-48B7-A4DD-02B92B0C2D05}
		{8E4B67B8-2DFB-4054-8CED-702815CC3A65} = {B1471274-2857-481C-A617-9C212F442F61}
		{EDFE1BFF-E747-40A4-A100-C8DFE3E2AB90} = {B1471274-2857-481C-A617-9C212F442F61}
		{CD1B7760-6CA1-4BA8-970F-F5BF8252965A} = {B1471274-2857-481C-A617-9C212F442F61}
		{8BA30F5A-CD15-4A77-98D4-74E9A9CD759B} = {A33A25A2-EBC6-49C0-A7F7-B4D0E0CA3EA9}
		{C907A019-870A-4E29-84FB-7949E93FDF50} = {A33A25A2-EBC6-49C0-A7F7-B4D0E0CA3EA9}
		{030CB2E0-374B-4D0F-8B39-658D273722F5} = {A33A25A2-EBC6-49C0-A7F7-B4D0E0CA3EA9}
		{BED479F2-B69E-4175-9C8D-AAB714748E24} = {DA5D92CD-B4FC-4894-8FB5-40F492322BFA}
		{34C8BAFC-BB78-432C-8E19-A19843A962FD} = {DA5D92CD-B4FC-4894-8FB5-40F492322BFA}
		{5B823E0E-F38E-494E-9904-155208232E60} = {DA5D92CD-B4FC-4894-8FB5-40F492322BFA}
		{73D2D7F3-BF66-473C-B100-7F790437AF81} = {E225A5BB-B3BD-4D05-B0AD-3535A18CC374}
		{7611CAD5-10E5-4357-BEE1-42823E9A9FB8} = {E225A5BB-B3BD-4D05-B0AD-3535A18CC374}
		{D758A944-7B60-4911-8F39-239FCC8F0B82} = {E225A5BB-B3BD-4D05-B0AD-3535A18CC374}
		{789B4E1A-2875-404B-820B-28765A89D93A} = {9C42971E-65EA-40B5-8BFF-DBE8BDA7FCCF}
		{14D7AAA2-E088-40FB-A315-CB65F9089C8D} = {9C42971E-65EA-40B5-8BFF-DBE8BDA7FCCF}
		{A005644E-7622-4C68-8C34-917C918AE2DA} = {9C42971E-65EA-40B5-8BFF-DBE8BDA7FCCF}
		{AF5CB118-0606-4919-AD6C-204CB3CEE2C3} = {ECA8B3C3-EFF1-4654-844F-FD7E1CC2ABEF}
		{78B40C25-75F7-47C9-A992-701F24D02840} = {ECA8B3C3-EFF1-4654-844F-FD7E1CC2ABEF}
		{F0A9A036-E6F4-4480-B57D-D3C6BB07A79C} = {ECA8B3C3-EFF1-4654-844F-FD7E1CC2ABEF}
	EndGlobalSection
	GlobalSection(ExtensibilityGlobals) = postSolution
		SolutionGuid = {5CCE30F3-C93B-430F-8EFE-7086F1C64E7B}
	EndGlobalSection
EndGlobal
